
Microsoft Visual Studio Solution File, Format Version 12.00
# Visual Studio 2013
VisualStudioVersion = 12.0.31101.0
MinimumVisualStudioVersion = 10.0.40219.1
Project("{2150E333-8FDC-42A3-9474-1A3956D46DE8}") = "Solution Items", "Solution Items", "{44D4DD3E-4D88-4906-A842-1A5FF317BB8F}"
	ProjectSection(SolutionItems) = preProject
		README.md = README.md
	EndProjectSection
EndProject
Project("{F2A71F9B-5D33-465A-A702-920D77279786}") = "PostgresDoc", "PostgresDoc\PostgresDoc.fsproj", "{2E2430FC-72E8-4E99-8A26-E34060FA11DD}"
EndProject
Project("{F2A71F9B-5D33-465A-A702-920D77279786}") = "FSharpTests", "Tests\FSharpTests.fsproj", "{EBCB6098-BAED-4F4A-B984-850460643089}"
EndProject
Project("{FAE04EC0-301F-11D3-BF4B-00C04F79EFBC}") = "CSharpTests", "CSharpTests\CSharpTests.csproj", "{1E525424-198D-43D5-8000-6C68ACAD0539}"
EndProject
Project("{FAE04EC0-301F-11D3-BF4B-00C04F79EFBC}") = "PostgresDocCs", "PostgresDocCs\PostgresDocCs.csproj", "{6CAD766D-D0FC-42CD-A7B8-0CB283F8E0F5}"
EndProject
Project("{F2A71F9B-5D33-465A-A702-920D77279786}") = "SharpXml", "..\SharpXml\SharpXml\SharpXml.fsproj", "{9626D3CF-07A4-4616-9BCD-D9B1B919E24D}"
EndProject
Project("{F2A71F9B-5D33-465A-A702-920D77279786}") = "SharpXml.Common", "..\SharpXml\SharpXml.Common\SharpXml.Common.fsproj", "{05656716-338F-42E7-B62D-0CB05DB5E582}"
EndProject
Global
	GlobalSection(SolutionConfigurationPlatforms) = preSolution
		Debug|Any CPU = Debug|Any CPU
		Release|Any CPU = Release|Any CPU
	EndGlobalSection
	GlobalSection(ProjectConfigurationPlatforms) = postSolution
		{2E2430FC-72E8-4E99-8A26-E34060FA11DD}.Debug|Any CPU.ActiveCfg = Debug|Any CPU
		{2E2430FC-72E8-4E99-8A26-E34060FA11DD}.Debug|Any CPU.Build.0 = Debug|Any CPU
		{2E2430FC-72E8-4E99-8A26-E34060FA11DD}.Release|Any CPU.ActiveCfg = Release|Any CPU
		{2E2430FC-72E8-4E99-8A26-E34060FA11DD}.Release|Any CPU.Build.0 = Release|Any CPU
		{EBCB6098-BAED-4F4A-B984-850460643089}.Debug|Any CPU.ActiveCfg = Debug|Any CPU
		{EBCB6098-BAED-4F4A-B984-850460643089}.Debug|Any CPU.Build.0 = Debug|Any CPU
		{EBCB6098-BAED-4F4A-B984-850460643089}.Release|Any CPU.ActiveCfg = Release|Any CPU
		{EBCB6098-BAED-4F4A-B984-850460643089}.Release|Any CPU.Build.0 = Release|Any CPU
		{1E525424-198D-43D5-8000-6C68ACAD0539}.Debug|Any CPU.ActiveCfg = Debug|Any CPU
		{1E525424-198D-43D5-8000-6C68ACAD0539}.Debug|Any CPU.Build.0 = Debug|Any CPU
		{1E525424-198D-43D5-8000-6C68ACAD0539}.Release|Any CPU.ActiveCfg = Release|Any CPU
		{1E525424-198D-43D5-8000-6C68ACAD0539}.Release|Any CPU.Build.0 = Release|Any CPU
		{6CAD766D-D0FC-42CD-A7B8-0CB283F8E0F5}.Debug|Any CPU.ActiveCfg = Debug|Any CPU
		{6CAD766D-D0FC-42CD-A7B8-0CB283F8E0F5}.Debug|Any CPU.Build.0 = Debug|Any CPU
		{6CAD766D-D0FC-42CD-A7B8-0CB283F8E0F5}.Release|Any CPU.ActiveCfg = Release|Any CPU
		{6CAD766D-D0FC-42CD-A7B8-0CB283F8E0F5}.Release|Any CPU.Build.0 = Release|Any CPU
		{9626D3CF-07A4-4616-9BCD-D9B1B919E24D}.Debug|Any CPU.ActiveCfg = Debug|Any CPU
		{9626D3CF-07A4-4616-9BCD-D9B1B919E24D}.Debug|Any CPU.Build.0 = Debug|Any CPU
		{9626D3CF-07A4-4616-9BCD-D9B1B919E24D}.Release|Any CPU.ActiveCfg = Release|Any CPU
		{9626D3CF-07A4-4616-9BCD-D9B1B919E24D}.Release|Any CPU.Build.0 = Release|Any CPU
		{05656716-338F-42E7-B62D-0CB05DB5E582}.Debug|Any CPU.ActiveCfg = Debug|Any CPU
		{05656716-338F-42E7-B62D-0CB05DB5E582}.Debug|Any CPU.Build.0 = Debug|Any CPU
		{05656716-338F-42E7-B62D-0CB05DB5E582}.Release|Any CPU.ActiveCfg = Release|Any CPU
		{05656716-338F-42E7-B62D-0CB05DB5E582}.Release|Any CPU.Build.0 = Release|Any CPU
	EndGlobalSection
	GlobalSection(SolutionProperties) = preSolution
		HideSolutionNode = FALSE
	EndGlobalSection
EndGlobal
